
Microsoft Visual Studio Solution File, Format Version 12.00
# Visual Studio Version 16
VisualStudioVersion = 16.0.29209.152
MinimumVisualStudioVersion = 10.0.40219.1
Project("{9A19103F-16F7-4668-BE54-9A1E7A4F7556}") = "ConfigurationBridge.Web", "ConfigurationBridge.Web\ConfigurationBridge.Web.csproj", "{279EF847-5262-4A4A-9C7D-28D6610A2FA0}"
EndProject
Project("{9A19103F-16F7-4668-BE54-9A1E7A4F7556}") = "ConfigurationBridge.Configuration.Core", "ConfigurationBridge.Configuration.Core\ConfigurationBridge.Configuration.Core.csproj", "{12BACA54-85E2-4DE5-9D02-D97037B04FDA}"
EndProject
Project("{9A19103F-16F7-4668-BE54-9A1E7A4F7556}") = "ConfigurationBridge.Configuration.Intermediaries", "ConfigurationBridge.Configuration.Intermediaries\ConfigurationBridge.Configuration.Intermediaries.csproj", "{E0C2DD3B-E1B9-4FCC-8123-6D206A020C58}"
EndProject
Project("{9A19103F-16F7-4668-BE54-9A1E7A4F7556}") = "ConfigurationBridge.Configuration.Crypto", "ConfigurationBridge.Configuration.Crypto\ConfigurationBridge.Configuration.Crypto.csproj", "{281985BE-B743-46A6-B8DE-F85C54A3E29B}"
EndProject
Project("{FAE04EC0-301F-11D3-BF4B-00C04F79EFBC}") = "Encryptor", "Encryptor\Encryptor.csproj", "{D2426531-FCC4-44FF-AD45-3CC1672B0BB1}"
EndProject
Project("{FAE04EC0-301F-11D3-BF4B-00C04F79EFBC}") = "UnitTestDemo", "UnitTestDemo\UnitTestDemo.csproj", "{80FE3A9B-4BE6-4B56-93B9-8865770D1756}"
EndProject
Global
	GlobalSection(SolutionConfigurationPlatforms) = preSolution
		Debug|Any CPU = Debug|Any CPU
		Release|Any CPU = Release|Any CPU
	EndGlobalSection
	GlobalSection(ProjectConfigurationPlatforms) = postSolution
		{279EF847-5262-4A4A-9C7D-28D6610A2FA0}.Debug|Any CPU.ActiveCfg = Debug|Any CPU
		{279EF847-5262-4A4A-9C7D-28D6610A2FA0}.Debug|Any CPU.Build.0 = Debug|Any CPU
		{279EF847-5262-4A4A-9C7D-28D6610A2FA0}.Release|Any CPU.ActiveCfg = Release|Any CPU
		{279EF847-5262-4A4A-9C7D-28D6610A2FA0}.Release|Any CPU.Build.0 = Release|Any CPU
		{12BACA54-85E2-4DE5-9D02-D97037B04FDA}.Debug|Any CPU.ActiveCfg = Debug|Any CPU
		{12BACA54-85E2-4DE5-9D02-D97037B04FDA}.Debug|Any CPU.Build.0 = Debug|Any CPU
		{12BACA54-85E2-4DE5-9D02-D97037B04FDA}.Release|Any CPU.ActiveCfg = Release|Any CPU
		{12BACA54-85E2-4DE5-9D02-D97037B04FDA}.Release|Any CPU.Build.0 = Release|Any CPU
		{E0C2DD3B-E1B9-4FCC-8123-6D206A020C58}.Debug|Any CPU.ActiveCfg = Debug|Any CPU
		{E0C2DD3B-E1B9-4FCC-8123-6D206A020C58}.Debug|Any CPU.Build.0 = Debug|Any CPU
		{E0C2DD3B-E1B9-4FCC-8123-6D206A020C58}.Release|Any CPU.ActiveCfg = Release|Any CPU
		{E0C2DD3B-E1B9-4FCC-8123-6D206A020C58}.Release|Any CPU.Build.0 = Release|Any CPU
		{281985BE-B743-46A6-B8DE-F85C54A3E29B}.Debug|Any CPU.ActiveCfg = Debug|Any CPU
		{281985BE-B743-46A6-B8DE-F85C54A3E29B}.Debug|Any CPU.Build.0 = Debug|Any CPU
		{281985BE-B743-46A6-B8DE-F85C54A3E29B}.Release|Any CPU.ActiveCfg = Release|Any CPU
		{281985BE-B743-46A6-B8DE-F85C54A3E29B}.Release|Any CPU.Build.0 = Release|Any CPU
		{D2426531-FCC4-44FF-AD45-3CC1672B0BB1}.Debug|Any CPU.ActiveCfg = Debug|Any CPU
		{D2426531-FCC4-44FF-AD45-3CC1672B0BB1}.Debug|Any CPU.Build.0 = Debug|Any CPU
		{D2426531-FCC4-44FF-AD45-3CC1672B0BB1}.Release|Any CPU.ActiveCfg = Release|Any CPU
		{D2426531-FCC4-44FF-AD45-3CC1672B0BB1}.Release|Any CPU.Build.0 = Release|Any CPU
		{80FE3A9B-4BE6-4B56-93B9-8865770D1756}.Debug|Any CPU.ActiveCfg = Debug|Any CPU
		{80FE3A9B-4BE6-4B56-93B9-8865770D1756}.Debug|Any CPU.Build.0 = Debug|Any CPU
		{80FE3A9B-4BE6-4B56-93B9-8865770D1756}.Release|Any CPU.ActiveCfg = Release|Any CPU
		{80FE3A9B-4BE6-4B56-93B9-8865770D1756}.Release|Any CPU.Build.0 = Release|Any CPU
	EndGlobalSection
	GlobalSection(SolutionProperties) = preSolution
		HideSolutionNode = FALSE
	EndGlobalSection
	GlobalSection(ExtensibilityGlobals) = postSolution
		SolutionGuid = {5FE717B8-8A02-4DDB-83FC-14CA2A78ED11}
	EndGlobalSection
EndGlobal
